// !$*UTF8*$!
{
	archiveVersion = 1;
	classes = {
	};
	objectVersion = 55;
	objects = {

/* Begin PBXBuildFile section */
		A764AEC52912BE7F0006F070 /* NavigatingAppsApp.swift in Sources */ = {isa = PBXBuildFile; fileRef = A764AEC42912BE7F0006F070 /* NavigatingAppsApp.swift */; };
		A764AEC72912BE7F0006F070 /* ContentView.swift in Sources */ = {isa = PBXBuildFile; fileRef = A764AEC62912BE7F0006F070 /* ContentView.swift */; };
		A764AEC92912BE7F0006F070 /* Assets.xcassets in Resources */ = {isa = PBXBuildFile; fileRef = A764AEC82912BE7F0006F070 /* Assets.xcassets */; };
		A764AECC2912BE7F0006F070 /* Preview Assets.xcassets in Resources */ = {isa = PBXBuildFile; fileRef = A764AECB2912BE7F0006F070 /* Preview Assets.xcassets */; };
		A764AED32912C0A60006F070 /* Data.swift in Sources */ = {isa = PBXBuildFile; fileRef = A764AED22912C0A60006F070 /* Data.swift */; };
		A764AED52912DE150006F070 /* HomeView.swift in Sources */ = {isa = PBXBuildFile; fileRef = A764AED42912DE150006F070 /* HomeView.swift */; };
		A764AED72912E2380006F070 /* StoryView.swift in Sources */ = {isa = PBXBuildFile; fileRef = A764AED62912E2380006F070 /* StoryView.swift */; };
		A764AED92912E3F20006F070 /* FavoritesView.swift in Sources */ = {isa = PBXBuildFile; fileRef = A764AED82912E3F20006F070 /* FavoritesView.swift */; };
		A764AEDB2912E7D80006F070 /* FunFactsView.swift in Sources */ = {isa = PBXBuildFile; fileRef = A764AEDA2912E7D80006F070 /* FunFactsView.swift */; };
/* End PBXBuildFile section */

/* Begin PBXFileReference section */
		A764AEC12912BE7F0006F070 /* NavigatingApps.app */ = {isa = PBXFileReference; explicitFileType = wrapper.application; includeInIndex = 0; path = NavigatingApps.app; sourceTree = BUILT_PRODUCTS_DIR; };
		A764AEC42912BE7F0006F070 /* NavigatingAppsApp.swift */ = {isa = PBXFileReference; lastKnownFileType = sourcecode.swift; path = NavigatingAppsApp.swift; sourceTree = "<group>"; };
		A764AEC62912BE7F0006F070 /* ContentView.swift */ = {isa = PBXFileReference; lastKnownFileType = sourcecode.swift; path = ContentView.swift; sourceTree = "<group>"; };
		A764AEC82912BE7F0006F070 /* Assets.xcassets */ = {isa = PBXFileReference; lastKnownFileType = folder.assetcatalog; path = Assets.xcassets; sourceTree = "<group>"; };
		A764AECB2912BE7F0006F070 /* Preview Assets.xcassets */ = {isa = PBXFileReference; lastKnownFileType = folder.assetcatalog; path = "Preview Assets.xcassets"; sourceTree = "<group>"; };
		A764AED22912C0A60006F070 /* Data.swift */ = {isa = PBXFileReference; lastKnownFileType = sourcecode.swift; path = Data.swift; sourceTree = "<group>"; };
		A764AED42912DE150006F070 /* HomeView.swift */ = {isa = PBXFileReference; lastKnownFileType = sourcecode.swift; path = HomeView.swift; sourceTree = "<group>"; };
		A764AED62912E2380006F070 /* StoryView.swift */ = {isa = PBXFileReference; lastKnownFileType = sourcecode.swift; path = StoryView.swift; sourceTree = "<group>"; };
		A764AED82912E3F20006F070 /* FavoritesView.swift */ = {isa = PBXFileReference; lastKnownFileType = sourcecode.swift; path = FavoritesView.swift; sourceTree = "<group>"; };
		A764AEDA2912E7D80006F070 /* FunFactsView.swift */ = {isa = PBXFileReference; lastKnownFileType = sourcecode.swift; path = FunFactsView.swift; sourceTree = "<group>"; };
/* End PBXFileReference section */

/* Begin PBXFrameworksBuildPhase section */
		A764AEBE2912BE7F0006F070 /* Frameworks */ = {
			isa = PBXFrameworksBuildPhase;
			buildActionMask = 2147483647;
			files = (
			);
			runOnlyForDeploymentPostprocessing = 0;
		};
/* End PBXFrameworksBuildPhase section */

/* Begin PBXGroup section */
		A764AEB82912BE7F0006F070 = {
			isa = PBXGroup;
			children = (
				A764AEC32912BE7F0006F070 /* NavigatingApps */,
				A764AEC22912BE7F0006F070 /* Products */,
			);
			sourceTree = "<group>";
		};
		A764AEC22912BE7F0006F070 /* Products */ = {
			isa = PBXGroup;
			children = (
				A764AEC12912BE7F0006F070 /* NavigatingApps.app */,
			);
			name = Products;
			sourceTree = "<group>";
		};
		A764AEC32912BE7F0006F070 /* NavigatingApps */ = {
			isa = PBXGroup;
			children = (
				A764AEDA2912E7D80006F070 /* FunFactsView.swift */,
				A764AEC42912BE7F0006F070 /* NavigatingAppsApp.swift */,
				A764AED22912C0A60006F070 /* Data.swift */,
				A764AED42912DE150006F070 /* HomeView.swift */,
				A764AED62912E2380006F070 /* StoryView.swift */,
				A764AED82912E3F20006F070 /* FavoritesView.swift */,
				A764AEC62912BE7F0006F070 /* ContentView.swift */,
				A764AEC82912BE7F0006F070 /* Assets.xcassets */,
				A764AECA2912BE7F0006F070 /* Preview Content */,
			);
			path = NavigatingApps;
			sourceTree = "<group>";
		};
		A764AECA2912BE7F0006F070 /* Preview Content */ = {
			isa = PBXGroup;
			children = (
				A764AECB2912BE7F0006F070 /* Preview Assets.xcassets */,
			);
			path = "Preview Content";
			sourceTree = "<group>";
		};
/* End PBXGroup section */

/* Begin PBXNativeTarget section */
		A764AEC02912BE7F0006F070 /* NavigatingApps */ = {
			isa = PBXNativeTarget;
			buildConfigurationList = A764AECF2912BE7F0006F070 /* Build configuration list for PBXNativeTarget "NavigatingApps" */;
			buildPhases = (
				A764AEBD2912BE7F0006F070 /* Sources */,
				A764AEBE2912BE7F0006F070 /* Frameworks */,
				A764AEBF2912BE7F0006F070 /* Resources */,
			);
			buildRules = (
			);
			dependencies = (
			);
			name = NavigatingApps;
			productName = NavigatingApps;
			productReference = A764AEC12912BE7F0006F070 /* NavigatingApps.app */;
			productType = "com.apple.product-type.application";
		};
/* End PBXNativeTarget section */

/* Begin PBXProject section */
		A764AEB92912BE7F0006F070 /* Project object */ = {
			isa = PBXProject;
			attributes = {
				BuildIndependentTargetsInParallel = 1;
				LastSwiftUpdateCheck = 1320;
				LastUpgradeCheck = 1320;
				TargetAttributes = {
					A764AEC02912BE7F0006F070 = {
						CreatedOnToolsVersion = 13.2.1;
					};
				};
			};
			buildConfigurationList = A764AEBC2912BE7F0006F070 /* Build configuration list for PBXProject "NavigatingApps" */;
			compatibilityVersion = "Xcode 13.0";
			developmentRegion = en;
			hasScannedForEncodings = 0;
			knownRegions = (
				en,
				Base,
			);
			mainGroup = A764AEB82912BE7F0006F070;
			productRefGroup = A764AEC22912BE7F0006F070 /* Products */;
			projectDirPath = "";
			projectRoot = "";
			targets = (
				A764AEC02912BE7F0006F070 /* NavigatingApps */,
			);
		};
/* End PBXProject section */

/* Begin PBXResourcesBuildPhase section */
		A764AEBF2912BE7F0006F070 /* Resources */ = {
			isa = PBXResourcesBuildPhase;
			buildActionMask = 2147483647;
			files = (
				A764AECC2912BE7F0006F070 /* Preview Assets.xcassets in Resources */,
				A764AEC92912BE7F0006F070 /* Assets.xcassets in Resources */,
			);
			runOnlyForDeploymentPostprocessing = 0;
		};
/* End PBXResourcesBuildPhase section */

/* Begin PBXSourcesBuildPhase section */
		A764AEBD2912BE7F0006F070 /* Sources */ = {
			isa = PBXSourcesBuildPhase;
			buildActionMask = 2147483647;
			files = (
				A764AEC72912BE7F0006F070 /* ContentView.swift in Sources */,
				A764AED52912DE150006F070 /* HomeView.swift in Sources */,
				A764AED92912E3F20006F070 /* FavoritesView.swift in Sources */,
				A764AEDB2912E7D80006F070 /* FunFactsView.swift in Sources */,
				A764AED32912C0A60006F070 /* Data.swift in Sources */,
				A764AED72912E2380006F070 /* StoryView.swift in Sources */,
				A764AEC52912BE7F0006F070 /* NavigatingAppsApp.swift in Sources */,
			);
			runOnlyForDeploymentPostprocessing = 0;
		};
/* End PBXSourcesBuildPhase section */

/* Begin XCBuildConfiguration section */
		A764AECD2912BE7F0006F070 /* Debug */ = {
			isa = XCBuildConfiguration;
			buildSettings = {
				ALWAYS_SEARCH_USER_PATHS = NO;
				CLANG_ANALYZER_NONNULL = YES;
				CLANG_ANALYZER_NUMBER_OBJECT_CONVERSION = YES_AGGRESSIVE;
				CLANG_CXX_LANGUAGE_STANDARD = "gnu++17";
				CLANG_CXX_LIBRARY = "libc++";
				CLANG_ENABLE_MODULES = YES;
				CLANG_ENABLE_OBJC_ARC = YES;
				CLANG_ENABLE_OBJC_WEAK = YES;
				CLANG_WARN_BLOCK_CAPTURE_AUTORELEASING = YES;
				CLANG_WARN_BOOL_CONVERSION = YES;
				CLANG_WARN_COMMA = YES;
				CLANG_WARN_CONSTANT_CONVERSION = YES;
				CLANG_WARN_DEPRECATED_OBJC_IMPLEMENTATIONS = YES;
				CLANG_WARN_DIRECT_OBJC_ISA_USAGE = YES_ERROR;
				CLANG_WARN_DOCUMENTATION_COMMENTS = YES;
				CLANG_WARN_EMPTY_BODY = YES;
				CLANG_WARN_ENUM_CONVERSION = YES;
				CLANG_WARN_INFINITE_RECURSION = YES;
				CLANG_WARN_INT_CONVERSION = YES;
				CLANG_WARN_NON_LITERAL_NULL_CONVERSION = YES;
				CLANG_WARN_OBJC_IMPLICIT_RETAIN_SELF = YES;
				CLANG_WARN_OBJC_LITERAL_CONVERSION = YES;
				CLANG_WARN_OBJC_ROOT_CLASS = YES_ERROR;
				CLANG_WARN_QUOTED_INCLUDE_IN_FRAMEWORK_HEADER = YES;
				CLANG_WARN_RANGE_LOOP_ANALYSIS = YES;
				CLANG_WARN_STRICT_PROTOTYPES = YES;
				CLANG_WARN_SUSPICIOUS_MOVE = YES;
				CLANG_WARN_UNGUARDED_AVAILABILITY = YES_AGGRESSIVE;
				CLANG_WARN_UNREACHABLE_CODE = YES;
				CLANG_WARN__DUPLICATE_METHOD_MATCH = YES;
				COPY_PHASE_STRIP = NO;
				DEBUG_INFORMATION_FORMAT = dwarf;
				ENABLE_STRICT_OBJC_MSGSEND = YES;
				ENABLE_TESTABILITY = YES;
				GCC_C_LANGUAGE_STANDARD = gnu11;
				GCC_DYNAMIC_NO_PIC = NO;
				GCC_NO_COMMON_BLOCKS = YES;
				GCC_OPTIMIZATION_LEVEL = 0;
				GCC_PREPROCESSOR_DEFINITIONS = (
					"DEBUG=1",
					"$(inherited)",
				);
				GCC_WARN_64_TO_32_BIT_CONVERSION = YES;
				GCC_WARN_ABOUT_RETURN_TYPE = YES_ERROR;
				GCC_WARN_UNDECLARED_SELECTOR = YES;
				GCC_WARN_UNINITIALIZED_AUTOS = YES_AGGRESSIVE;
				GCC_WARN_UNUSED_FUNCTION = YES;
				GCC_WARN_UNUSED_VARIABLE = YES;
				IPHONEOS_DEPLOYMENT_TARGET = 15.2;
				MTL_ENABLE_DEBUG_INFO = INCLUDE_SOURCE;
				MTL_FAST_MATH = YES;
				ONLY_ACTIVE_ARCH = YES;
				SDKROOT = iphoneos;
				SWIFT_ACTIVE_COMPILATION_CONDITIONS = DEBUG;
				SWIFT_OPTIMIZATION_LEVEL = "-Onone";
			};
			name = Debug;
		};
		A764AECE2912BE7F0006F070 /* Release */ = {
			isa = XCBuildConfiguration;
			buildSettings = {
				ALWAYS_SEARCH_USER_PATHS = NO;
				CLANG_ANALYZER_NONNULL = YES;
				CLANG_ANALYZER_NUMBER_OBJECT_CONVERSION = YES_AGGRESSIVE;
				CLANG_CXX_LANGUAGE_STANDARD = "gnu++17";
				CLANG_CXX_LIBRARY = "libc++";
				CLANG_ENABLE_MODULES = YES;
				CLANG_ENABLE_OBJC_ARC = YES;
				CLANG_ENABLE_OBJC_WEAK = YES;
				CLANG_WARN_BLOCK_CAPTURE_AUTORELEASING = YES;
				CLANG_WARN_BOOL_CONVERSION = YES;
				CLANG_WARN_COMMA = YES;
				CLANG_WARN_CONSTANT_CONVERSION = YES;
				CLANG_WARN_DEPRECATED_OBJC_IMPLEMENTATIONS = YES;
				CLANG_WARN_DIRECT_OBJC_ISA_USAGE = YES_ERROR;
				CLANG_WARN_DOCUMENTATION_COMMENTS = YES;
				CLANG_WARN_EMPTY_BODY = YES;
				CLANG_WARN_ENUM_CONVERSION = YES;
				CLANG_WARN_INFINITE_RECURSION = YES;
				CLANG_WARN_INT_CONVERSION = YES;
				CLANG_WARN_NON_LITERAL_NULL_CONVERSION = YES;
				CLANG_WARN_OBJC_IMPLICIT_RETAIN_SELF = YES;
				CLANG_WARN_OBJC_LITERAL_CONVERSION = YES;
				CLANG_WARN_OBJC_ROOT_CLASS = YES_ERROR;
				CLANG_WARN_QUOTED_INCLUDE_IN_FRAMEWORK_HEADER = YES;
				CLANG_WARN_RANGE_LOOP_ANALYSIS = YES;
				CLANG_WARN_STRICT_PROTOTYPES = YES;
				CLANG_WARN_SUSPICIOUS_MOVE = YES;
				CLANG_WARN_UNGUARDED_AVAILABILITY = YES_AGGRESSIVE;
				CLANG_WARN_UNREACHABLE_CODE = YES;
				CLANG_WARN__DUPLICATE_METHOD_MATCH = YES;
				COPY_PHASE_STRIP = NO;
				DEBUG_INFORMATION_FORMAT = "dwarf-with-dsym";
				ENABLE_NS_ASSERTIONS = NO;
				ENABLE_STRICT_OBJC_MSGSEND = YES;
				GCC_C_LANGUAGE_STANDARD = gnu11;
				GCC_NO_COMMON_BLOCKS = YES;
				GCC_WARN_64_TO_32_BIT_CONVERSION = YES;
				GCC_WARN_ABOUT_RETURN_TYPE = YES_ERROR;
				GCC_WARN_UNDECLARED_SELECTOR = YES;
				GCC_WARN_UNINITIALIZED_AUTOS = YES_AGGRESSIVE;
				GCC_WARN_UNUSED_FUNCTION = YES;
				GCC_WARN_UNUSED_VARIABLE = YES;
				IPHONEOS_DEPLOYMENT_TARGET = 15.2;
				MTL_ENABLE_DEBUG_INFO = NO;
				MTL_FAST_MATH = YES;
				SDKROOT = iphoneos;
				SWIFT_COMPILATION_MODE = wholemodule;
				SWIFT_OPTIMIZATION_LEVEL = "-O";
				VALIDATE_PRODUCT = YES;
			};
			name = Release;
		};
		A764AED02912BE7F0006F070 /* Debug */ = {
			isa = XCBuildConfiguration;
			buildSettings = {
				ASSETCATALOG_COMPILER_APPICON_NAME = AppIcon;
				ASSETCATALOG_COMPILER_GLOBAL_ACCENT_COLOR_NAME = AccentColor;
				CODE_SIGN_STYLE = Automatic;
				CURRENT_PROJECT_VERSION = 1;
				DEVELOPMENT_ASSET_PATHS = "\"NavigatingApps/Preview Content\"";
				DEVELOPMENT_TEAM = V88V9K83N5;
				ENABLE_PREVIEWS = YES;
				EXCLUDED_ARCHS = "";
				GENERATE_INFOPLIST_FILE = YES;
				INFOPLIST_KEY_UIApplicationSceneManifest_Generation = YES;
				INFOPLIST_KEY_UIApplicationSupportsIndirectInputEvents = YES;
				INFOPLIST_KEY_UILaunchScreen_Generation = YES;
				INFOPLIST_KEY_UISupportedInterfaceOrientations_iPad = "UIInterfaceOrientationPortrait UIInterfaceOrientationPortraitUpsideDown UIInterfaceOrientationLandscapeLeft UIInterfaceOrientationLandscapeRight";
				INFOPLIST_KEY_UISupportedInterfaceOrientations_iPhone = "UIInterfaceOrientationPortrait UIInterfaceOrientationLandscapeLeft UIInterfaceOrientationLandscapeRight";
				LD_RUNPATH_SEARCH_PATHS = (
					"$(inherited)",
					"@executable_path/Frameworks",
				);
				MARKETING_VERSION = 1.0;
				PRODUCT_BUNDLE_IDENTIFIER = com.anamartinsdev.NavigatingApps;
				PRODUCT_NAME = "$(TARGET_NAME)";
				SWIFT_EMIT_LOC_STRINGS = YES;
				SWIFT_VERSION = 5.0;
				TARGETED_DEVICE_FAMILY = "1,2";
			};
			name = Debug;
		};
		A764AED12912BE7F0006F070 /* Release */ = {
			isa = XCBuildConfiguration;
			buildSettings = {
				ASSETCATALOG_COMPILER_APPICON_NAME = AppIcon;
				ASSETCATALOG_COMPILER_GLOBAL_ACCENT_COLOR_NAME = AccentColor;
				CODE_SIGN_STYLE = Automatic;
				CURRENT_PROJECT_VERSION = 1;
				DEVELOPMENT_ASSET_PATHS = "\"NavigatingApps/Preview Content\"";
				DEVELOPMENT_TEAM = V88V9K83N5;
				ENABLE_PREVIEWS = YES;
				EXCLUDED_ARCHS = "";
				GENERATE_INFOPLIST_FILE = YES;
				INFOPLIST_KEY_UIApplicationSceneManifest_Generation = YES;
				INFOPLIST_KEY_UIApplicationSupportsIndirectInputEvents = YES;
				INFOPLIST_KEY_UILaunchScreen_Generation = YES;
				INFOPLIST_KEY_UISupportedInterfaceOrientations_iPad = "UIInterfaceOrientationPortrait UIInterfaceOrientationPortraitUpsideDown UIInterfaceOrientationLandscapeLeft UIInterfaceOrientationLandscapeRight";
				INFOPLIST_KEY_UISupportedInterfaceOrientations_iPhone = "UIInterfaceOrientationPortrait UIInterfaceOrientationLandscapeLeft UIInterfaceOrientationLandscapeRight";
				LD_RUNPATH_SEARCH_PATHS = (
					"$(inherited)",
					"@executable_path/Frameworks",
				);
				MARKETING_VERSION = 1.0;
				PRODUCT_BUNDLE_IDENTIFIER = com.anamartinsdev.NavigatingApps;
				PRODUCT_NAME = "$(TARGET_NAME)";
				SWIFT_EMIT_LOC_STRINGS = YES;
				SWIFT_VERSION = 5.0;
				TARGETED_DEVICE_FAMILY = "1,2";
			};
			name = Release;
		};
/* End XCBuildConfiguration section */

/* Begin XCConfigurationList section */
		A764AEBC2912BE7F0006F070 /* Build configuration list for PBXProject "NavigatingApps" */ = {
			isa = XCConfigurationList;
			buildConfigurations = (
				A764AECD2912BE7F0006F070 /* Debug */,
				A764AECE2912BE7F0006F070 /* Release */,
			);
			defaultConfigurationIsVisible = 0;
			defaultConfigurationName = Release;
		};
		A764AECF2912BE7F0006F070 /* Build configuration list for PBXNativeTarget "NavigatingApps" */ = {
			isa = XCConfigurationList;
			buildConfigurations = (
				A764AED02912BE7F0006F070 /* Debug */,
				A764AED12912BE7F0006F070 /* Release */,
			);
			defaultConfigurationIsVisible = 0;
			defaultConfigurationName = Release;
		};
/* End XCConfigurationList section */
	};
	rootObject = A764AEB92912BE7F0006F070 /* Project object */;
}
